
Microsoft Visual Studio Solution File, Format Version 12.00
# Visual Studio 15
VisualStudioVersion = 15.0.28307.902
MinimumVisualStudioVersion = 10.0.40219.1
Project("{F14B399A-7131-4C87-9E4B-1186C45EF12D}") = "EquiposSubinforme", "EquiposSubinforme\EquiposSubinforme.rptproj", "{3DE1ACEE-692E-4B5E-B5EC-3AD5ECFF6046}"
EndProject
Global
	GlobalSection(SolutionConfigurationPlatforms) = preSolution
		Debug|Default = Debug|Default
		DebugLocal|Default = DebugLocal|Default
		Release|Default = Release|Default
	EndGlobalSection
	GlobalSection(ProjectConfigurationPlatforms) = postSolution
		{3DE1ACEE-692E-4B5E-B5EC-3AD5ECFF6046}.Debug|Default.ActiveCfg = Debug
		{3DE1ACEE-692E-4B5E-B5EC-3AD5ECFF6046}.Debug|Default.Build.0 = Debug
		{3DE1ACEE-692E-4B5E-B5EC-3AD5ECFF6046}.Debug|Default.Deploy.0 = Debug
		{3DE1ACEE-692E-4B5E-B5EC-3AD5ECFF6046}.DebugLocal|Default.ActiveCfg = DebugLocal
		{3DE1ACEE-692E-4B5E-B5EC-3AD5ECFF6046}.DebugLocal|Default.Build.0 = DebugLocal
		{3DE1ACEE-692E-4B5E-B5EC-3AD5ECFF6046}.Release|Default.ActiveCfg = Release
		{3DE1ACEE-692E-4B5E-B5EC-3AD5ECFF6046}.Release|Default.Build.0 = Release
		{3DE1ACEE-692E-4B5E-B5EC-3AD5ECFF6046}.Release|Default.Deploy.0 = Release
	EndGlobalSection
	GlobalSection(SolutionProperties) = preSolution
		HideSolutionNode = FALSE
	EndGlobalSection
	GlobalSection(ExtensibilityGlobals) = postSolution
		SolutionGuid = {1192AD55-538B-4222-809D-75B9EDFB79C8}
	EndGlobalSection
EndGlobal
